// !$*UTF8*$!
{
	archiveVersion = 1;
	classes = {
	};
	objectVersion = 46;
	objects = {

/* Begin PBXBuildFile section */
		16066E2B1AAA0F2900729168 /* ExerciseSession.swift in Sources */ = {isa = PBXBuildFile; fileRef = 16066E2A1AAA0F2900729168 /* ExerciseSession.swift */; };
		16066E2F1AAA0F4B00729168 /* MeditationSession.swift in Sources */ = {isa = PBXBuildFile; fileRef = 16066E2E1AAA0F4B00729168 /* MeditationSession.swift */; };
		1607A0661AD497E600B90F45 /* StringExtension.swift in Sources */ = {isa = PBXBuildFile; fileRef = 1607A0651AD497E600B90F45 /* StringExtension.swift */; };
		1628A8521AE6D6180008F0F4 /* NSDateExtension.swift in Sources */ = {isa = PBXBuildFile; fileRef = 1628A8511AE6D6180008F0F4 /* NSDateExtension.swift */; };
		1628A8551AE74D600008F0F4 /* Exercise1View.xib in Resources */ = {isa = PBXBuildFile; fileRef = 1628A8541AE74D600008F0F4 /* Exercise1View.xib */; };
		1628A8571AE8203A0008F0F4 /* UIViewExtension.swift in Sources */ = {isa = PBXBuildFile; fileRef = 1628A8561AE8203A0008F0F4 /* UIViewExtension.swift */; };
		162AF2781AFA722F0099A81D /* AssessmentNavigationController.swift in Sources */ = {isa = PBXBuildFile; fileRef = 162AF2771AFA722F0099A81D /* AssessmentNavigationController.swift */; };
		162AF27C1AFA7C3A0099A81D /* AssessmentNavigationController.xib in Resources */ = {isa = PBXBuildFile; fileRef = 162AF27A1AFA7C3A0099A81D /* AssessmentNavigationController.xib */; };
		162CDE5E1ADF141E0047086D /* DayTransform.swift in Sources */ = {isa = PBXBuildFile; fileRef = 162CDE5D1ADF141E0047086D /* DayTransform.swift */; };
		162CDE601ADF17210047086D /* DateTimeTransform.swift in Sources */ = {isa = PBXBuildFile; fileRef = 162CDE5F1ADF17210047086D /* DateTimeTransform.swift */; };
		162CDE621ADF1B120047086D /* TimeTransform.swift in Sources */ = {isa = PBXBuildFile; fileRef = 162CDE611ADF1B120047086D /* TimeTransform.swift */; };
		162CDE641ADF2CAD0047086D /* GenderTransform.swift in Sources */ = {isa = PBXBuildFile; fileRef = 162CDE631ADF2CAD0047086D /* GenderTransform.swift */; };
		162CDE661ADF2CBB0047086D /* DayOfWeekTransform.swift in Sources */ = {isa = PBXBuildFile; fileRef = 162CDE651ADF2CBB0047086D /* DayOfWeekTransform.swift */; };
		16385F511AE6A9A00032CDE5 /* SettingsViewController.swift in Sources */ = {isa = PBXBuildFile; fileRef = 16385F4F1AE6A9A00032CDE5 /* SettingsViewController.swift */; };
		16385F521AE6A9A00032CDE5 /* SettingsViewController.xib in Resources */ = {isa = PBXBuildFile; fileRef = 16385F501AE6A9A00032CDE5 /* SettingsViewController.xib */; };
		16385F551AE6AA1C0032CDE5 /* SettingsCell.swift in Sources */ = {isa = PBXBuildFile; fileRef = 16385F531AE6AA1C0032CDE5 /* SettingsCell.swift */; };
		16385F561AE6AA1C0032CDE5 /* SettingsCell.xib in Resources */ = {isa = PBXBuildFile; fileRef = 16385F541AE6AA1C0032CDE5 /* SettingsCell.xib */; };
		16385F581AE6B9DF0032CDE5 /* UIViewControllerExtension.swift in Sources */ = {isa = PBXBuildFile; fileRef = 16385F571AE6B9DF0032CDE5 /* UIViewControllerExtension.swift */; };
		164D3F2A1ABB67CD00253910 /* Exercises.plist in Resources */ = {isa = PBXBuildFile; fileRef = 164D3F291ABB67CD00253910 /* Exercises.plist */; };
		164D3F2C1ABB67D800253910 /* Meditations.plist in Resources */ = {isa = PBXBuildFile; fileRef = 164D3F2B1ABB67D800253910 /* Meditations.plist */; };
		164D3F2E1ABC813600253910 /* ExerciseManager.swift in Sources */ = {isa = PBXBuildFile; fileRef = 164D3F2D1ABC813600253910 /* ExerciseManager.swift */; };
		164D3F311ABC96A200253910 /* UIColorExtension.swift in Sources */ = {isa = PBXBuildFile; fileRef = 164D3F301ABC96A200253910 /* UIColorExtension.swift */; };
		166FCE1F1AC09A9F00E1C932 /* ExerciseCell.swift in Sources */ = {isa = PBXBuildFile; fileRef = 166FCE1D1AC09A9F00E1C932 /* ExerciseCell.swift */; };
		166FCE201AC09A9F00E1C932 /* ExerciseCell.xib in Resources */ = {isa = PBXBuildFile; fileRef = 166FCE1E1AC09A9F00E1C932 /* ExerciseCell.xib */; };
		16781F691AEAFA1B0056FF30 /* Exercise2View.xib in Resources */ = {isa = PBXBuildFile; fileRef = 16781F681AEAFA1B0056FF30 /* Exercise2View.xib */; };
		16781F6B1AEAFA270056FF30 /* Exercise3View.xib in Resources */ = {isa = PBXBuildFile; fileRef = 16781F6A1AEAFA270056FF30 /* Exercise3View.xib */; };
		16781F6D1AED6CAE0056FF30 /* Assessment.swift in Sources */ = {isa = PBXBuildFile; fileRef = 16781F6C1AED6CAE0056FF30 /* Assessment.swift */; };
		167E6B9E1AF5677A0006D45A /* NotificationTime.swift in Sources */ = {isa = PBXBuildFile; fileRef = 167E6B9D1AF5677A0006D45A /* NotificationTime.swift */; };
		1682D1EF1ABCA47900D8ED02 /* AudioPlayerView.swift in Sources */ = {isa = PBXBuildFile; fileRef = 1682D1EE1ABCA47900D8ED02 /* AudioPlayerView.swift */; };
		1682D1F21ABCBE0600D8ED02 /* funkjam.mp3 in Resources */ = {isa = PBXBuildFile; fileRef = 1682D1F11ABCBE0600D8ED02 /* funkjam.mp3 */; };
		1682D1F61ABCD41100D8ED02 /* UIViewControllerPopupExtension.swift in Sources */ = {isa = PBXBuildFile; fileRef = 1682D1F51ABCD41100D8ED02 /* UIViewControllerPopupExtension.swift */; };
		1682D1F91ABCDF3D00D8ED02 /* MenuViewController.swift in Sources */ = {isa = PBXBuildFile; fileRef = 1682D1F71ABCDF3D00D8ED02 /* MenuViewController.swift */; };
		1682D1FA1ABCDF3D00D8ED02 /* MenuViewController.xib in Resources */ = {isa = PBXBuildFile; fileRef = 1682D1F81ABCDF3D00D8ED02 /* MenuViewController.xib */; };
		1682D1FC1ABCE12200D8ED02 /* CAMediaTimingFunctionEasingsExtension.swift in Sources */ = {isa = PBXBuildFile; fileRef = 1682D1FB1ABCE12200D8ED02 /* CAMediaTimingFunctionEasingsExtension.swift */; };
		168C6CE21AE48AF2006EE110 /* UIViewControllerLoaderExtension.swift in Sources */ = {isa = PBXBuildFile; fileRef = 168C6CE11AE48AF2006EE110 /* UIViewControllerLoaderExtension.swift */; };
		16AE94C91A8E8CF300FBD6C8 /* LoginViewController.xib in Resources */ = {isa = PBXBuildFile; fileRef = 16AE94C81A8E8CF300FBD6C8 /* LoginViewController.xib */; };
		16AE94CC1A8E9C9D00FBD6C8 /* SignupViewController.swift in Sources */ = {isa = PBXBuildFile; fileRef = 16AE94CA1A8E9C9D00FBD6C8 /* SignupViewController.swift */; };
		16AE94CD1A8E9C9D00FBD6C8 /* SignupViewController.xib in Resources */ = {isa = PBXBuildFile; fileRef = 16AE94CB1A8E9C9D00FBD6C8 /* SignupViewController.xib */; };
		16AFFDFF1A915043002C58D8 /* ServerRequest.swift in Sources */ = {isa = PBXBuildFile; fileRef = 16AFFDFE1A915043002C58D8 /* ServerRequest.swift */; };
		16AFFE031A9161E5002C58D8 /* User.swift in Sources */ = {isa = PBXBuildFile; fileRef = 16AFFE021A9161E5002C58D8 /* User.swift */; };
		16B406BE1C0DF87C0017152F /* Alamofire.framework in Frameworks */ = {isa = PBXBuildFile; fileRef = 16B406BA1C0DF87C0017152F /* Alamofire.framework */; };
		16B406BF1C0DF87C0017152F /* ObjectMapper.framework in Frameworks */ = {isa = PBXBuildFile; fileRef = 16B406BB1C0DF87C0017152F /* ObjectMapper.framework */; };
		16B406C01C0DF87C0017152F /* Pods.framework in Frameworks */ = {isa = PBXBuildFile; fileRef = 16B406BC1C0DF87C0017152F /* Pods.framework */; };
		16B406C11C0DF87C0017152F /* SwiftyJSON.framework in Frameworks */ = {isa = PBXBuildFile; fileRef = 16B406BD1C0DF87C0017152F /* SwiftyJSON.framework */; };
		16B406C21C0DF8B60017152F /* Crashlytics.framework in Frameworks */ = {isa = PBXBuildFile; fileRef = 167E6B9A1AF2B0B90006D45A /* Crashlytics.framework */; };
		16B406C31C0DF8B60017152F /* Fabric.framework in Frameworks */ = {isa = PBXBuildFile; fileRef = 167E6B991AF2B0B90006D45A /* Fabric.framework */; };
		16B916B91AD47A5100669776 /* MeditationProgressView.xib in Resources */ = {isa = PBXBuildFile; fileRef = 16B916B81AD47A5100669776 /* MeditationProgressView.xib */; };
		16B916BB1AD47E2700669776 /* MeditationProgressView.swift in Sources */ = {isa = PBXBuildFile; fileRef = 16B916BA1AD47E2700669776 /* MeditationProgressView.swift */; };
		16BCEFC31ACC7C6500994258 /* meditation_3.mp3 in Resources */ = {isa = PBXBuildFile; fileRef = 16BCEFC01ACC7C6500994258 /* meditation_3.mp3 */; };
		16BCEFC41ACC7C6500994258 /* meditation_1.mp3 in Resources */ = {isa = PBXBuildFile; fileRef = 16BCEFC11ACC7C6500994258 /* meditation_1.mp3 */; };
		16BCEFC51ACC7C6500994258 /* meditation_2.mp3 in Resources */ = {isa = PBXBuildFile; fileRef = 16BCEFC21ACC7C6500994258 /* meditation_2.mp3 */; };
		16CE6C151ABB55D200CF1220 /* UserDefaultsManager.swift in Sources */ = {isa = PBXBuildFile; fileRef = 16CE6C141ABB55D200CF1220 /* UserDefaultsManager.swift */; };
		16D5DF641AC0B8D3004B34C6 /* Exercise.swift in Sources */ = {isa = PBXBuildFile; fileRef = 16D5DF631AC0B8D3004B34C6 /* Exercise.swift */; };
		16D5DF661AC0B927004B34C6 /* Meditation.swift in Sources */ = {isa = PBXBuildFile; fileRef = 16D5DF651AC0B927004B34C6 /* Meditation.swift */; };
		552B7EC01ABCBC6F00E5A6C8 /* PebbleHelper.swift in Sources */ = {isa = PBXBuildFile; fileRef = 552B7EBF1ABCBC6F00E5A6C8 /* PebbleHelper.swift */; };
		558B1C981AB866AA00DD18AC /* ExerciseSettingsViewController.swift in Sources */ = {isa = PBXBuildFile; fileRef = 558B1C971AB866AA00DD18AC /* ExerciseSettingsViewController.swift */; };
		558B1C9C1AB866DE00DD18AC /* ExerciseSettingsViewController.xib in Resources */ = {isa = PBXBuildFile; fileRef = 558B1C9B1AB866DE00DD18AC /* ExerciseSettingsViewController.xib */; };
		559706E71AB62FAF00FD794A /* MeditationTimeViewController.swift in Sources */ = {isa = PBXBuildFile; fileRef = 559706E61AB62FAF00FD794A /* MeditationTimeViewController.swift */; };
		559706E91AB6300200FD794A /* MeditationTimeViewController.xib in Resources */ = {isa = PBXBuildFile; fileRef = 559706E81AB6300200FD794A /* MeditationTimeViewController.xib */; };
		9B33BFA01ADDC9A500A88098 /* DictionaryExtension.swift in Sources */ = {isa = PBXBuildFile; fileRef = 9B33BF9F1ADDC9A500A88098 /* DictionaryExtension.swift */; };
		9B423E2E1ADD926B00A970A3 /* Questions.plist in Resources */ = {isa = PBXBuildFile; fileRef = 9B423E2D1ADD926B00A970A3 /* Questions.plist */; };
		9B5824751AB653A80010A1E5 /* ExerciseViewController.swift in Sources */ = {isa = PBXBuildFile; fileRef = 9B5824731AB653A80010A1E5 /* ExerciseViewController.swift */; };
		9B5824761AB653A80010A1E5 /* ExerciseViewController.xib in Resources */ = {isa = PBXBuildFile; fileRef = 9B5824741AB653A80010A1E5 /* ExerciseViewController.xib */; };
		9B5824791AB654090010A1E5 /* MeditationViewController.swift in Sources */ = {isa = PBXBuildFile; fileRef = 9B5824771AB654090010A1E5 /* MeditationViewController.swift */; };
		9B58247A1AB654090010A1E5 /* MeditationViewController.xib in Resources */ = {isa = PBXBuildFile; fileRef = 9B5824781AB654090010A1E5 /* MeditationViewController.xib */; };
		9B58247D1AB6541F0010A1E5 /* AssessmentViewController.swift in Sources */ = {isa = PBXBuildFile; fileRef = 9B58247B1AB6541F0010A1E5 /* AssessmentViewController.swift */; };
		9B58247E1AB6541F0010A1E5 /* AssessmentViewController.xib in Resources */ = {isa = PBXBuildFile; fileRef = 9B58247C1AB6541F0010A1E5 /* AssessmentViewController.xib */; };
		9B7F244E1ADD804300D3B7D2 /* Question.swift in Sources */ = {isa = PBXBuildFile; fileRef = 9B7F244D1ADD804300D3B7D2 /* Question.swift */; };
		9B7F24501ADD805700D3B7D2 /* Response.swift in Sources */ = {isa = PBXBuildFile; fileRef = 9B7F244F1ADD805700D3B7D2 /* Response.swift */; };
		9B80532A1ADD71C600F571EB /* TallSlider.swift in Sources */ = {isa = PBXBuildFile; fileRef = 9B8053291ADD71C600F571EB /* TallSlider.swift */; };
		9BA23E061A8D21580037D161 /* AppDelegate.swift in Sources */ = {isa = PBXBuildFile; fileRef = 9BA23E051A8D21580037D161 /* AppDelegate.swift */; };
		9BA23E081A8D21580037D161 /* LoginViewController.swift in Sources */ = {isa = PBXBuildFile; fileRef = 9BA23E071A8D21580037D161 /* LoginViewController.swift */; };
		9BA23E0D1A8D21580037D161 /* Images.xcassets in Resources */ = {isa = PBXBuildFile; fileRef = 9BA23E0C1A8D21580037D161 /* Images.xcassets */; };
		9BA23E101A8D21580037D161 /* LaunchScreen.xib in Resources */ = {isa = PBXBuildFile; fileRef = 9BA23E0E1A8D21580037D161 /* LaunchScreen.xib */; };
/* End PBXBuildFile section */

/* Begin PBXFileReference section */
		16066E2A1AAA0F2900729168 /* ExerciseSession.swift */ = {isa = PBXFileReference; fileEncoding = 4; lastKnownFileType = sourcecode.swift; path = ExerciseSession.swift; sourceTree = "<group>"; };
		16066E2E1AAA0F4B00729168 /* MeditationSession.swift */ = {isa = PBXFileReference; fileEncoding = 4; lastKnownFileType = sourcecode.swift; path = MeditationSession.swift; sourceTree = "<group>"; };
		1607A0651AD497E600B90F45 /* StringExtension.swift */ = {isa = PBXFileReference; fileEncoding = 4; lastKnownFileType = sourcecode.swift; path = StringExtension.swift; sourceTree = "<group>"; };
		161B0EDC1A914AFC00E88EDC /* libPods-Alamofire.a */ = {isa = PBXFileReference; lastKnownFileType = archive.ar; name = "libPods-Alamofire.a"; path = "Pods/build/Debug-iphoneos/libPods-Alamofire.a"; sourceTree = "<group>"; };
		1628A8511AE6D6180008F0F4 /* NSDateExtension.swift */ = {isa = PBXFileReference; fileEncoding = 4; lastKnownFileType = sourcecode.swift; path = NSDateExtension.swift; sourceTree = "<group>"; };
		1628A8541AE74D600008F0F4 /* Exercise1View.xib */ = {isa = PBXFileReference; fileEncoding = 4; lastKnownFileType = file.xib; path = Exercise1View.xib; sourceTree = "<group>"; };
		1628A8561AE8203A0008F0F4 /* UIViewExtension.swift */ = {isa = PBXFileReference; fileEncoding = 4; lastKnownFileType = sourcecode.swift; path = UIViewExtension.swift; sourceTree = "<group>"; };
		162AF2771AFA722F0099A81D /* AssessmentNavigationController.swift */ = {isa = PBXFileReference; fileEncoding = 4; lastKnownFileType = sourcecode.swift; path = AssessmentNavigationController.swift; sourceTree = "<group>"; };
		162AF27A1AFA7C3A0099A81D /* AssessmentNavigationController.xib */ = {isa = PBXFileReference; fileEncoding = 4; lastKnownFileType = file.xib; path = AssessmentNavigationController.xib; sourceTree = "<group>"; };
		162CDE5D1ADF141E0047086D /* DayTransform.swift */ = {isa = PBXFileReference; fileEncoding = 4; lastKnownFileType = sourcecode.swift; path = DayTransform.swift; sourceTree = "<group>"; };
		162CDE5F1ADF17210047086D /* DateTimeTransform.swift */ = {isa = PBXFileReference; fileEncoding = 4; lastKnownFileType = sourcecode.swift; path = DateTimeTransform.swift; sourceTree = "<group>"; };
		162CDE611ADF1B120047086D /* TimeTransform.swift */ = {isa = PBXFileReference; fileEncoding = 4; lastKnownFileType = sourcecode.swift; path = TimeTransform.swift; sourceTree = "<group>"; };
		162CDE631ADF2CAD0047086D /* GenderTransform.swift */ = {isa = PBXFileReference; fileEncoding = 4; lastKnownFileType = sourcecode.swift; path = GenderTransform.swift; sourceTree = "<group>"; };
		162CDE651ADF2CBB0047086D /* DayOfWeekTransform.swift */ = {isa = PBXFileReference; fileEncoding = 4; lastKnownFileType = sourcecode.swift; path = DayOfWeekTransform.swift; sourceTree = "<group>"; };
		16385F4F1AE6A9A00032CDE5 /* SettingsViewController.swift */ = {isa = PBXFileReference; fileEncoding = 4; lastKnownFileType = sourcecode.swift; path = SettingsViewController.swift; sourceTree = "<group>"; };
		16385F501AE6A9A00032CDE5 /* SettingsViewController.xib */ = {isa = PBXFileReference; fileEncoding = 4; lastKnownFileType = file.xib; path = SettingsViewController.xib; sourceTree = "<group>"; };
		16385F531AE6AA1C0032CDE5 /* SettingsCell.swift */ = {isa = PBXFileReference; fileEncoding = 4; lastKnownFileType = sourcecode.swift; path = SettingsCell.swift; sourceTree = "<group>"; };
		16385F541AE6AA1C0032CDE5 /* SettingsCell.xib */ = {isa = PBXFileReference; fileEncoding = 4; lastKnownFileType = file.xib; path = SettingsCell.xib; sourceTree = "<group>"; };
		16385F571AE6B9DF0032CDE5 /* UIViewControllerExtension.swift */ = {isa = PBXFileReference; fileEncoding = 4; lastKnownFileType = sourcecode.swift; path = UIViewControllerExtension.swift; sourceTree = "<group>"; };
		16385F591AE6BB610032CDE5 /* MessageUI.framework */ = {isa = PBXFileReference; lastKnownFileType = wrapper.framework; name = MessageUI.framework; path = System/Library/Frameworks/MessageUI.framework; sourceTree = SDKROOT; };
		1645AD5F1A914E26001A4F2E /* Alamofire.framework */ = {isa = PBXFileReference; lastKnownFileType = wrapper.framework; name = Alamofire.framework; path = "Pods/build/Debug-iphoneos/Pods/Alamofire.framework"; sourceTree = "<group>"; };
		164D3F291ABB67CD00253910 /* Exercises.plist */ = {isa = PBXFileReference; fileEncoding = 4; lastKnownFileType = text.plist.xml; path = Exercises.plist; sourceTree = "<group>"; };
		164D3F2B1ABB67D800253910 /* Meditations.plist */ = {isa = PBXFileReference; fileEncoding = 4; lastKnownFileType = text.plist.xml; path = Meditations.plist; sourceTree = "<group>"; };
		164D3F2D1ABC813600253910 /* ExerciseManager.swift */ = {isa = PBXFileReference; fileEncoding = 4; lastKnownFileType = sourcecode.swift; path = ExerciseManager.swift; sourceTree = "<group>"; };
		164D3F301ABC96A200253910 /* UIColorExtension.swift */ = {isa = PBXFileReference; fileEncoding = 4; lastKnownFileType = sourcecode.swift; path = UIColorExtension.swift; sourceTree = "<group>"; };
		166FCE1D1AC09A9F00E1C932 /* ExerciseCell.swift */ = {isa = PBXFileReference; fileEncoding = 4; lastKnownFileType = sourcecode.swift; path = ExerciseCell.swift; sourceTree = "<group>"; };
		166FCE1E1AC09A9F00E1C932 /* ExerciseCell.xib */ = {isa = PBXFileReference; fileEncoding = 4; lastKnownFileType = file.xib; path = ExerciseCell.xib; sourceTree = "<group>"; };
		16781F681AEAFA1B0056FF30 /* Exercise2View.xib */ = {isa = PBXFileReference; fileEncoding = 4; lastKnownFileType = file.xib; path = Exercise2View.xib; sourceTree = "<group>"; };
		16781F6A1AEAFA270056FF30 /* Exercise3View.xib */ = {isa = PBXFileReference; fileEncoding = 4; lastKnownFileType = file.xib; path = Exercise3View.xib; sourceTree = "<group>"; };
		16781F6C1AED6CAE0056FF30 /* Assessment.swift */ = {isa = PBXFileReference; fileEncoding = 4; lastKnownFileType = sourcecode.swift; path = Assessment.swift; sourceTree = "<group>"; };
		167E6B991AF2B0B90006D45A /* Fabric.framework */ = {isa = PBXFileReference; lastKnownFileType = wrapper.framework; path = Fabric.framework; sourceTree = "<group>"; };
		167E6B9A1AF2B0B90006D45A /* Crashlytics.framework */ = {isa = PBXFileReference; lastKnownFileType = wrapper.framework; path = Crashlytics.framework; sourceTree = "<group>"; };
		167E6B9D1AF5677A0006D45A /* NotificationTime.swift */ = {isa = PBXFileReference; fileEncoding = 4; lastKnownFileType = sourcecode.swift; path = NotificationTime.swift; sourceTree = "<group>"; };
		1682D1EE1ABCA47900D8ED02 /* AudioPlayerView.swift */ = {isa = PBXFileReference; fileEncoding = 4; lastKnownFileType = sourcecode.swift; path = AudioPlayerView.swift; sourceTree = "<group>"; };
		1682D1F11ABCBE0600D8ED02 /* funkjam.mp3 */ = {isa = PBXFileReference; lastKnownFileType = audio.mp3; path = funkjam.mp3; sourceTree = "<group>"; };
		1682D1F31ABCC04000D8ED02 /* AVFoundation.framework */ = {isa = PBXFileReference; lastKnownFileType = wrapper.framework; name = AVFoundation.framework; path = System/Library/Frameworks/AVFoundation.framework; sourceTree = SDKROOT; };
		1682D1F51ABCD41100D8ED02 /* UIViewControllerPopupExtension.swift */ = {isa = PBXFileReference; fileEncoding = 4; lastKnownFileType = sourcecode.swift; path = UIViewControllerPopupExtension.swift; sourceTree = "<group>"; };
		1682D1F71ABCDF3D00D8ED02 /* MenuViewController.swift */ = {isa = PBXFileReference; fileEncoding = 4; lastKnownFileType = sourcecode.swift; path = MenuViewController.swift; sourceTree = "<group>"; };
		1682D1F81ABCDF3D00D8ED02 /* MenuViewController.xib */ = {isa = PBXFileReference; fileEncoding = 4; lastKnownFileType = file.xib; path = MenuViewController.xib; sourceTree = "<group>"; };
		1682D1FB1ABCE12200D8ED02 /* CAMediaTimingFunctionEasingsExtension.swift */ = {isa = PBXFileReference; fileEncoding = 4; lastKnownFileType = sourcecode.swift; path = CAMediaTimingFunctionEasingsExtension.swift; sourceTree = "<group>"; };
		168C6CE11AE48AF2006EE110 /* UIViewControllerLoaderExtension.swift */ = {isa = PBXFileReference; fileEncoding = 4; lastKnownFileType = sourcecode.swift; path = UIViewControllerLoaderExtension.swift; sourceTree = "<group>"; };
		16AE94C81A8E8CF300FBD6C8 /* LoginViewController.xib */ = {isa = PBXFileReference; fileEncoding = 4; lastKnownFileType = file.xib; path = LoginViewController.xib; sourceTree = "<group>"; };
		16AE94CA1A8E9C9D00FBD6C8 /* SignupViewController.swift */ = {isa = PBXFileReference; fileEncoding = 4; lastKnownFileType = sourcecode.swift; path = SignupViewController.swift; sourceTree = "<group>"; };
		16AE94CB1A8E9C9D00FBD6C8 /* SignupViewController.xib */ = {isa = PBXFileReference; fileEncoding = 4; lastKnownFileType = file.xib; path = SignupViewController.xib; sourceTree = "<group>"; };
		16AFFDFE1A915043002C58D8 /* ServerRequest.swift */ = {isa = PBXFileReference; fileEncoding = 4; lastKnownFileType = sourcecode.swift; path = ServerRequest.swift; sourceTree = "<group>"; };
		16AFFE021A9161E5002C58D8 /* User.swift */ = {isa = PBXFileReference; fileEncoding = 4; lastKnownFileType = sourcecode.swift; path = User.swift; sourceTree = "<group>"; };
		16AFFE041A916481002C58D8 /* ObjectMapper.framework */ = {isa = PBXFileReference; lastKnownFileType = wrapper.framework; name = ObjectMapper.framework; path = "Pods/build/Debug-iphoneos/Pods/ObjectMapper.framework"; sourceTree = "<group>"; };
		16B406BA1C0DF87C0017152F /* Alamofire.framework */ = {isa = PBXFileReference; lastKnownFileType = wrapper.framework; name = Alamofire.framework; path = "Pods/../build/Debug-iphoneos/Alamofire.framework"; sourceTree = "<group>"; };
		16B406BB1C0DF87C0017152F /* ObjectMapper.framework */ = {isa = PBXFileReference; lastKnownFileType = wrapper.framework; name = ObjectMapper.framework; path = "Pods/../build/Debug-iphoneos/ObjectMapper.framework"; sourceTree = "<group>"; };
		16B406BC1C0DF87C0017152F /* Pods.framework */ = {isa = PBXFileReference; lastKnownFileType = wrapper.framework; name = Pods.framework; path = "Pods/../build/Debug-iphoneos/Pods.framework"; sourceTree = "<group>"; };
		16B406BD1C0DF87C0017152F /* SwiftyJSON.framework */ = {isa = PBXFileReference; lastKnownFileType = wrapper.framework; name = SwiftyJSON.framework; path = "Pods/../build/Debug-iphoneos/SwiftyJSON.framework"; sourceTree = "<group>"; };
		16B916B81AD47A5100669776 /* MeditationProgressView.xib */ = {isa = PBXFileReference; fileEncoding = 4; lastKnownFileType = file.xib; path = MeditationProgressView.xib; sourceTree = "<group>"; };
		16B916BA1AD47E2700669776 /* MeditationProgressView.swift */ = {isa = PBXFileReference; fileEncoding = 4; lastKnownFileType = sourcecode.swift; path = MeditationProgressView.swift; sourceTree = "<group>"; };
		16BCEFC01ACC7C6500994258 /* meditation_3.mp3 */ = {isa = PBXFileReference; lastKnownFileType = audio.mp3; path = meditation_3.mp3; sourceTree = "<group>"; };
		16BCEFC11ACC7C6500994258 /* meditation_1.mp3 */ = {isa = PBXFileReference; lastKnownFileType = audio.mp3; path = meditation_1.mp3; sourceTree = "<group>"; };
		16BCEFC21ACC7C6500994258 /* meditation_2.mp3 */ = {isa = PBXFileReference; lastKnownFileType = audio.mp3; path = meditation_2.mp3; sourceTree = "<group>"; };
		16CE6C141ABB55D200CF1220 /* UserDefaultsManager.swift */ = {isa = PBXFileReference; fileEncoding = 4; lastKnownFileType = sourcecode.swift; path = UserDefaultsManager.swift; sourceTree = "<group>"; };
		16D5DF631AC0B8D3004B34C6 /* Exercise.swift */ = {isa = PBXFileReference; fileEncoding = 4; lastKnownFileType = sourcecode.swift; path = Exercise.swift; sourceTree = "<group>"; };
		16D5DF651AC0B927004B34C6 /* Meditation.swift */ = {isa = PBXFileReference; fileEncoding = 4; lastKnownFileType = sourcecode.swift; path = Meditation.swift; sourceTree = "<group>"; };
		552B7EBE1ABCA80900E5A6C8 /* RD-Bridging-Header.h */ = {isa = PBXFileReference; fileEncoding = 4; lastKnownFileType = sourcecode.c.h; path = "RD-Bridging-Header.h"; sourceTree = "<group>"; };
		552B7EBF1ABCBC6F00E5A6C8 /* PebbleHelper.swift */ = {isa = PBXFileReference; fileEncoding = 4; lastKnownFileType = sourcecode.swift; path = PebbleHelper.swift; sourceTree = "<group>"; };
		558B1C971AB866AA00DD18AC /* ExerciseSettingsViewController.swift */ = {isa = PBXFileReference; fileEncoding = 4; lastKnownFileType = sourcecode.swift; path = ExerciseSettingsViewController.swift; sourceTree = "<group>"; };
		558B1C9B1AB866DE00DD18AC /* ExerciseSettingsViewController.xib */ = {isa = PBXFileReference; fileEncoding = 4; lastKnownFileType = file.xib; path = ExerciseSettingsViewController.xib; sourceTree = "<group>"; };
		559706E61AB62FAF00FD794A /* MeditationTimeViewController.swift */ = {isa = PBXFileReference; fileEncoding = 4; lastKnownFileType = sourcecode.swift; path = MeditationTimeViewController.swift; sourceTree = "<group>"; };
		559706E81AB6300200FD794A /* MeditationTimeViewController.xib */ = {isa = PBXFileReference; fileEncoding = 4; lastKnownFileType = file.xib; path = MeditationTimeViewController.xib; sourceTree = "<group>"; };
		57306B6E5E7C383F3F588F6D /* Pods.release.xcconfig */ = {isa = PBXFileReference; includeInIndex = 1; lastKnownFileType = text.xcconfig; name = Pods.release.xcconfig; path = "Pods/Target Support Files/Pods/Pods.release.xcconfig"; sourceTree = "<group>"; };
		9B33BF9F1ADDC9A500A88098 /* DictionaryExtension.swift */ = {isa = PBXFileReference; fileEncoding = 4; lastKnownFileType = sourcecode.swift; path = DictionaryExtension.swift; sourceTree = "<group>"; };
		9B423E2D1ADD926B00A970A3 /* Questions.plist */ = {isa = PBXFileReference; fileEncoding = 4; lastKnownFileType = text.plist.xml; path = Questions.plist; sourceTree = "<group>"; };
		9B5824731AB653A80010A1E5 /* ExerciseViewController.swift */ = {isa = PBXFileReference; fileEncoding = 4; lastKnownFileType = sourcecode.swift; path = ExerciseViewController.swift; sourceTree = "<group>"; };
		9B5824741AB653A80010A1E5 /* ExerciseViewController.xib */ = {isa = PBXFileReference; fileEncoding = 4; lastKnownFileType = file.xib; path = ExerciseViewController.xib; sourceTree = "<group>"; };
		9B5824771AB654090010A1E5 /* MeditationViewController.swift */ = {isa = PBXFileReference; fileEncoding = 4; lastKnownFileType = sourcecode.swift; path = MeditationViewController.swift; sourceTree = "<group>"; };
		9B5824781AB654090010A1E5 /* MeditationViewController.xib */ = {isa = PBXFileReference; fileEncoding = 4; lastKnownFileType = file.xib; path = MeditationViewController.xib; sourceTree = "<group>"; };
		9B58247B1AB6541F0010A1E5 /* AssessmentViewController.swift */ = {isa = PBXFileReference; fileEncoding = 4; lastKnownFileType = sourcecode.swift; path = AssessmentViewController.swift; sourceTree = "<group>"; };
		9B58247C1AB6541F0010A1E5 /* AssessmentViewController.xib */ = {isa = PBXFileReference; fileEncoding = 4; lastKnownFileType = file.xib; path = AssessmentViewController.xib; sourceTree = "<group>"; };
		9B7F244D1ADD804300D3B7D2 /* Question.swift */ = {isa = PBXFileReference; fileEncoding = 4; lastKnownFileType = sourcecode.swift; path = Question.swift; sourceTree = "<group>"; };
		9B7F244F1ADD805700D3B7D2 /* Response.swift */ = {isa = PBXFileReference; fileEncoding = 4; lastKnownFileType = sourcecode.swift; path = Response.swift; sourceTree = "<group>"; };
		9B8053291ADD71C600F571EB /* TallSlider.swift */ = {isa = PBXFileReference; fileEncoding = 4; lastKnownFileType = sourcecode.swift; path = TallSlider.swift; sourceTree = "<group>"; };
		9BA23E001A8D21580037D161 /* Just Be.app */ = {isa = PBXFileReference; explicitFileType = wrapper.application; includeInIndex = 0; path = "Just Be.app"; sourceTree = BUILT_PRODUCTS_DIR; };
		9BA23E041A8D21580037D161 /* Info.plist */ = {isa = PBXFileReference; lastKnownFileType = text.plist.xml; path = Info.plist; sourceTree = "<group>"; };
		9BA23E051A8D21580037D161 /* AppDelegate.swift */ = {isa = PBXFileReference; lastKnownFileType = sourcecode.swift; path = AppDelegate.swift; sourceTree = "<group>"; };
		9BA23E071A8D21580037D161 /* LoginViewController.swift */ = {isa = PBXFileReference; lastKnownFileType = sourcecode.swift; path = LoginViewController.swift; sourceTree = "<group>"; };
		9BA23E0C1A8D21580037D161 /* Images.xcassets */ = {isa = PBXFileReference; lastKnownFileType = folder.assetcatalog; path = Images.xcassets; sourceTree = "<group>"; };
		9BA23E0F1A8D21580037D161 /* Base */ = {isa = PBXFileReference; lastKnownFileType = file.xib; name = Base; path = Base.lproj/LaunchScreen.xib; sourceTree = "<group>"; };
		9ECCE9674E656F79BBAB952D /* Pods.framework */ = {isa = PBXFileReference; explicitFileType = wrapper.framework; includeInIndex = 0; path = Pods.framework; sourceTree = BUILT_PRODUCTS_DIR; };
		BFB40FC6530933C51BC1738B /* Pods.debug.xcconfig */ = {isa = PBXFileReference; includeInIndex = 1; lastKnownFileType = text.xcconfig; name = Pods.debug.xcconfig; path = "Pods/Target Support Files/Pods/Pods.debug.xcconfig"; sourceTree = "<group>"; };
/* End PBXFileReference section */

/* Begin PBXFrameworksBuildPhase section */
		9BA23DFD1A8D21580037D161 /* Frameworks */ = {
			isa = PBXFrameworksBuildPhase;
			buildActionMask = 2147483647;
			files = (
				16B406C21C0DF8B60017152F /* Crashlytics.framework in Frameworks */,
				16B406C31C0DF8B60017152F /* Fabric.framework in Frameworks */,
				16B406BE1C0DF87C0017152F /* Alamofire.framework in Frameworks */,
				16B406BF1C0DF87C0017152F /* ObjectMapper.framework in Frameworks */,
				16B406C01C0DF87C0017152F /* Pods.framework in Frameworks */,
				16B406C11C0DF87C0017152F /* SwiftyJSON.framework in Frameworks */,
			);
			runOnlyForDeploymentPostprocessing = 0;
		};
/* End PBXFrameworksBuildPhase section */

/* Begin PBXGroup section */
		1628A8531AE74D3A0008F0F4 /* Exercises */ = {
			isa = PBXGroup;
			children = (
				1628A8541AE74D600008F0F4 /* Exercise1View.xib */,
				16781F681AEAFA1B0056FF30 /* Exercise2View.xib */,
				16781F6A1AEAFA270056FF30 /* Exercise3View.xib */,
			);
			name = Exercises;
			sourceTree = "<group>";
		};
		162AF2761AFA71F30099A81D /* NavigationControllers */ = {
			isa = PBXGroup;
			children = (
				162AF2771AFA722F0099A81D /* AssessmentNavigationController.swift */,
				162AF27A1AFA7C3A0099A81D /* AssessmentNavigationController.xib */,
			);
			name = NavigationControllers;
			sourceTree = "<group>";
		};
		162CDE5C1ADF14050047086D /* Transforms */ = {
			isa = PBXGroup;
			children = (
				162CDE5D1ADF141E0047086D /* DayTransform.swift */,
				162CDE5F1ADF17210047086D /* DateTimeTransform.swift */,
				162CDE611ADF1B120047086D /* TimeTransform.swift */,
				162CDE631ADF2CAD0047086D /* GenderTransform.swift */,
				162CDE651ADF2CBB0047086D /* DayOfWeekTransform.swift */,
			);
			name = Transforms;
			sourceTree = "<group>";
		};
		164D3F281ABB67AA00253910 /* PropertyLists */ = {
			isa = PBXGroup;
			children = (
				164D3F291ABB67CD00253910 /* Exercises.plist */,
				164D3F2B1ABB67D800253910 /* Meditations.plist */,
				9B423E2D1ADD926B00A970A3 /* Questions.plist */,
			);
			name = PropertyLists;
			sourceTree = "<group>";
		};
		164D3F2F1ABC967F00253910 /* Extensions */ = {
			isa = PBXGroup;
			children = (
				164D3F301ABC96A200253910 /* UIColorExtension.swift */,
				1682D1F51ABCD41100D8ED02 /* UIViewControllerPopupExtension.swift */,
				1682D1FB1ABCE12200D8ED02 /* CAMediaTimingFunctionEasingsExtension.swift */,
				9B33BF9F1ADDC9A500A88098 /* DictionaryExtension.swift */,
				1607A0651AD497E600B90F45 /* StringExtension.swift */,
				168C6CE11AE48AF2006EE110 /* UIViewControllerLoaderExtension.swift */,
				16385F571AE6B9DF0032CDE5 /* UIViewControllerExtension.swift */,
				1628A8511AE6D6180008F0F4 /* NSDateExtension.swift */,
				1628A8561AE8203A0008F0F4 /* UIViewExtension.swift */,
			);
			name = Extensions;
			sourceTree = "<group>";
		};
		166FCE1C1AC09A6F00E1C932 /* Cells */ = {
			isa = PBXGroup;
			children = (
				166FCE1D1AC09A9F00E1C932 /* ExerciseCell.swift */,
				166FCE1E1AC09A9F00E1C932 /* ExerciseCell.xib */,
				16385F531AE6AA1C0032CDE5 /* SettingsCell.swift */,
				16385F541AE6AA1C0032CDE5 /* SettingsCell.xib */,
			);
			name = Cells;
			sourceTree = "<group>";
		};
		1682D1ED1ABCA45800D8ED02 /* Views */ = {
			isa = PBXGroup;
			children = (
				1628A8531AE74D3A0008F0F4 /* Exercises */,
				1682D1EE1ABCA47900D8ED02 /* AudioPlayerView.swift */,
				16B916B81AD47A5100669776 /* MeditationProgressView.xib */,
				16B916BA1AD47E2700669776 /* MeditationProgressView.swift */,
				9B8053291ADD71C600F571EB /* TallSlider.swift */,
			);
			name = Views;
			sourceTree = "<group>";
		};
		1682D1F01ABCBDFB00D8ED02 /* Audio */ = {
			isa = PBXGroup;
			children = (
				16BCEFC01ACC7C6500994258 /* meditation_3.mp3 */,
				16BCEFC11ACC7C6500994258 /* meditation_1.mp3 */,
				16BCEFC21ACC7C6500994258 /* meditation_2.mp3 */,
				1682D1F11ABCBE0600D8ED02 /* funkjam.mp3 */,
			);
			name = Audio;
			sourceTree = "<group>";
		};
		16AE94CE1A8E9D9400FBD6C8 /* ViewControllers */ = {
			isa = PBXGroup;
			children = (
				9BA23E071A8D21580037D161 /* LoginViewController.swift */,
				16AE94C81A8E8CF300FBD6C8 /* LoginViewController.xib */,
				16AE94CA1A8E9C9D00FBD6C8 /* SignupViewController.swift */,
				16AE94CB1A8E9C9D00FBD6C8 /* SignupViewController.xib */,
				558B1C971AB866AA00DD18AC /* ExerciseSettingsViewController.swift */,
				558B1C9B1AB866DE00DD18AC /* ExerciseSettingsViewController.xib */,
				559706E61AB62FAF00FD794A /* MeditationTimeViewController.swift */,
				559706E81AB6300200FD794A /* MeditationTimeViewController.xib */,
				9B5824731AB653A80010A1E5 /* ExerciseViewController.swift */,
				9B5824741AB653A80010A1E5 /* ExerciseViewController.xib */,
				9B5824771AB654090010A1E5 /* MeditationViewController.swift */,
				9B5824781AB654090010A1E5 /* MeditationViewController.xib */,
				9B58247B1AB6541F0010A1E5 /* AssessmentViewController.swift */,
				9B58247C1AB6541F0010A1E5 /* AssessmentViewController.xib */,
				1682D1F71ABCDF3D00D8ED02 /* MenuViewController.swift */,
				1682D1F81ABCDF3D00D8ED02 /* MenuViewController.xib */,
				16385F4F1AE6A9A00032CDE5 /* SettingsViewController.swift */,
				16385F501AE6A9A00032CDE5 /* SettingsViewController.xib */,
			);
			name = ViewControllers;
			sourceTree = "<group>";
		};
		16AFFE001A91504D002C58D8 /* Networking */ = {
			isa = PBXGroup;
			children = (
				16AFFDFE1A915043002C58D8 /* ServerRequest.swift */,
			);
			name = Networking;
			sourceTree = "<group>";
		};
		16AFFE011A9161C8002C58D8 /* Models */ = {
			isa = PBXGroup;
			children = (
				162CDE5C1ADF14050047086D /* Transforms */,
				16AFFE021A9161E5002C58D8 /* User.swift */,
				16066E2A1AAA0F2900729168 /* ExerciseSession.swift */,
				16066E2E1AAA0F4B00729168 /* MeditationSession.swift */,
				16D5DF631AC0B8D3004B34C6 /* Exercise.swift */,
				16D5DF651AC0B927004B34C6 /* Meditation.swift */,
				9B7F244D1ADD804300D3B7D2 /* Question.swift */,
				9B7F244F1ADD805700D3B7D2 /* Response.swift */,
				16781F6C1AED6CAE0056FF30 /* Assessment.swift */,
				167E6B9D1AF5677A0006D45A /* NotificationTime.swift */,
			);
			name = Models;
			sourceTree = "<group>";
		};
		16CE6C131ABB55AC00CF1220 /* Managers */ = {
			isa = PBXGroup;
			children = (
				16CE6C141ABB55D200CF1220 /* UserDefaultsManager.swift */,
				164D3F2D1ABC813600253910 /* ExerciseManager.swift */,
				552B7EBF1ABCBC6F00E5A6C8 /* PebbleHelper.swift */,
			);
			name = Managers;
			sourceTree = "<group>";
		};
		8CCE55D9E8F57D16A8510D3C /* Frameworks */ = {
			isa = PBXGroup;
			children = (
				16B406BA1C0DF87C0017152F /* Alamofire.framework */,
				16B406BB1C0DF87C0017152F /* ObjectMapper.framework */,
				16B406BC1C0DF87C0017152F /* Pods.framework */,
				16B406BD1C0DF87C0017152F /* SwiftyJSON.framework */,
				167E6B991AF2B0B90006D45A /* Fabric.framework */,
				167E6B9A1AF2B0B90006D45A /* Crashlytics.framework */,
				16385F591AE6BB610032CDE5 /* MessageUI.framework */,
				1682D1F31ABCC04000D8ED02 /* AVFoundation.framework */,
				16AFFE041A916481002C58D8 /* ObjectMapper.framework */,
				1645AD5F1A914E26001A4F2E /* Alamofire.framework */,
				161B0EDC1A914AFC00E88EDC /* libPods-Alamofire.a */,
				9ECCE9674E656F79BBAB952D /* Pods.framework */,
			);
			name = Frameworks;
			sourceTree = "<group>";
		};
		9BA23DF71A8D21580037D161 = {
			isa = PBXGroup;
			children = (
				9BA23E021A8D21580037D161 /* Repressor Destressor */,
				9BA23E011A8D21580037D161 /* Products */,
				CD78DC18AD55D5F397A160CA /* Pods */,
				8CCE55D9E8F57D16A8510D3C /* Frameworks */,
			);
			sourceTree = "<group>";
		};
		9BA23E011A8D21580037D161 /* Products */ = {
			isa = PBXGroup;
			children = (
				9BA23E001A8D21580037D161 /* Just Be.app */,
			);
			name = Products;
			sourceTree = "<group>";
		};
		9BA23E021A8D21580037D161 /* Repressor Destressor */ = {
			isa = PBXGroup;
			children = (
				162AF2761AFA71F30099A81D /* NavigationControllers */,
				166FCE1C1AC09A6F00E1C932 /* Cells */,
				1682D1F01ABCBDFB00D8ED02 /* Audio */,
				1682D1ED1ABCA45800D8ED02 /* Views */,
				164D3F2F1ABC967F00253910 /* Extensions */,
				164D3F281ABB67AA00253910 /* PropertyLists */,
				16CE6C131ABB55AC00CF1220 /* Managers */,
				16AFFE011A9161C8002C58D8 /* Models */,
				16AFFE001A91504D002C58D8 /* Networking */,
				552B7EBE1ABCA80900E5A6C8 /* RD-Bridging-Header.h */,
				9BA23E051A8D21580037D161 /* AppDelegate.swift */,
				9BA23E0C1A8D21580037D161 /* Images.xcassets */,
				9BA23E0E1A8D21580037D161 /* LaunchScreen.xib */,
				16AE94CE1A8E9D9400FBD6C8 /* ViewControllers */,
				9BA23E031A8D21580037D161 /* Supporting Files */,
			);
			path = "Repressor Destressor";
			sourceTree = "<group>";
		};
		9BA23E031A8D21580037D161 /* Supporting Files */ = {
			isa = PBXGroup;
			children = (
				9BA23E041A8D21580037D161 /* Info.plist */,
			);
			name = "Supporting Files";
			sourceTree = "<group>";
		};
		CD78DC18AD55D5F397A160CA /* Pods */ = {
			isa = PBXGroup;
			children = (
				BFB40FC6530933C51BC1738B /* Pods.debug.xcconfig */,
				57306B6E5E7C383F3F588F6D /* Pods.release.xcconfig */,
			);
			name = Pods;
			sourceTree = "<group>";
		};
/* End PBXGroup section */

/* Begin PBXNativeTarget section */
		9BA23DFF1A8D21580037D161 /* Just Be */ = {
			isa = PBXNativeTarget;
			buildConfigurationList = 9BA23E1F1A8D21580037D161 /* Build configuration list for PBXNativeTarget "Just Be" */;
			buildPhases = (
				12790460A045B6959B183146 /* Check Pods Manifest.lock */,
				9BA23DFC1A8D21580037D161 /* Sources */,
				9BA23DFD1A8D21580037D161 /* Frameworks */,
				9BA23DFE1A8D21580037D161 /* Resources */,
				FE6B57407552426B584287E4 /* Copy Pods Resources */,
				BBAB3494DA6F4021ED68C9E6 /* Embed Pods Frameworks */,
				167E6B981AF2AF190006D45A /* ShellScript */,
			);
			buildRules = (
			);
			dependencies = (
			);
			name = "Just Be";
			productName = "Repressor Destressor";
			productReference = 9BA23E001A8D21580037D161 /* Just Be.app */;
			productType = "com.apple.product-type.application";
		};
/* End PBXNativeTarget section */

/* Begin PBXProject section */
		9BA23DF81A8D21580037D161 /* Project object */ = {
			isa = PBXProject;
			attributes = {
				LastSwiftMigration = 0700;
				LastSwiftUpdateCheck = 0700;
				LastUpgradeCheck = 0700;
				ORGANIZATIONNAME = "Group 2";
				TargetAttributes = {
					9BA23DFF1A8D21580037D161 = {
						CreatedOnToolsVersion = 6.1.1;
						DevelopmentTeam = 8EVUJ287TQ;
					};
				};
			};
			buildConfigurationList = 9BA23DFB1A8D21580037D161 /* Build configuration list for PBXProject "Just Be" */;
			compatibilityVersion = "Xcode 3.2";
			developmentRegion = English;
			hasScannedForEncodings = 0;
			knownRegions = (
				en,
				Base,
			);
			mainGroup = 9BA23DF71A8D21580037D161;
			productRefGroup = 9BA23E011A8D21580037D161 /* Products */;
			projectDirPath = "";
			projectRoot = "";
			targets = (
				9BA23DFF1A8D21580037D161 /* Just Be */,
			);
		};
/* End PBXProject section */

/* Begin PBXResourcesBuildPhase section */
		9BA23DFE1A8D21580037D161 /* Resources */ = {
			isa = PBXResourcesBuildPhase;
			buildActionMask = 2147483647;
			files = (
				9B58247A1AB654090010A1E5 /* MeditationViewController.xib in Resources */,
				16BCEFC51ACC7C6500994258 /* meditation_2.mp3 in Resources */,
				16BCEFC41ACC7C6500994258 /* meditation_1.mp3 in Resources */,
				9B423E2E1ADD926B00A970A3 /* Questions.plist in Resources */,
				9B58247E1AB6541F0010A1E5 /* AssessmentViewController.xib in Resources */,
				16781F6B1AEAFA270056FF30 /* Exercise3View.xib in Resources */,
				9B5824761AB653A80010A1E5 /* ExerciseViewController.xib in Resources */,
				164D3F2C1ABB67D800253910 /* Meditations.plist in Resources */,
				1682D1F21ABCBE0600D8ED02 /* funkjam.mp3 in Resources */,
				1682D1FA1ABCDF3D00D8ED02 /* MenuViewController.xib in Resources */,
				9BA23E101A8D21580037D161 /* LaunchScreen.xib in Resources */,
				166FCE201AC09A9F00E1C932 /* ExerciseCell.xib in Resources */,
				16B916B91AD47A5100669776 /* MeditationProgressView.xib in Resources */,
				16BCEFC31ACC7C6500994258 /* meditation_3.mp3 in Resources */,
				559706E91AB6300200FD794A /* MeditationTimeViewController.xib in Resources */,
				162AF27C1AFA7C3A0099A81D /* AssessmentNavigationController.xib in Resources */,
				16385F561AE6AA1C0032CDE5 /* SettingsCell.xib in Resources */,
				16AE94C91A8E8CF300FBD6C8 /* LoginViewController.xib in Resources */,
				16AE94CD1A8E9C9D00FBD6C8 /* SignupViewController.xib in Resources */,
				9BA23E0D1A8D21580037D161 /* Images.xcassets in Resources */,
				558B1C9C1AB866DE00DD18AC /* ExerciseSettingsViewController.xib in Resources */,
				1628A8551AE74D600008F0F4 /* Exercise1View.xib in Resources */,
				16385F521AE6A9A00032CDE5 /* SettingsViewController.xib in Resources */,
				164D3F2A1ABB67CD00253910 /* Exercises.plist in Resources */,
				16781F691AEAFA1B0056FF30 /* Exercise2View.xib in Resources */,
			);
			runOnlyForDeploymentPostprocessing = 0;
		};
/* End PBXResourcesBuildPhase section */

/* Begin PBXShellScriptBuildPhase section */
		12790460A045B6959B183146 /* Check Pods Manifest.lock */ = {
			isa = PBXShellScriptBuildPhase;
			buildActionMask = 2147483647;
			files = (
			);
			inputPaths = (
			);
			name = "Check Pods Manifest.lock";
			outputPaths = (
			);
			runOnlyForDeploymentPostprocessing = 0;
			shellPath = /bin/sh;
			shellScript = "diff \"${PODS_ROOT}/../Podfile.lock\" \"${PODS_ROOT}/Manifest.lock\" > /dev/null\nif [[ $? != 0 ]] ; then\n    cat << EOM\nerror: The sandbox is not in sync with the Podfile.lock. Run 'pod install' or update your CocoaPods installation.\nEOM\n    exit 1\nfi\n";
			showEnvVarsInLog = 0;
		};
		167E6B981AF2AF190006D45A /* ShellScript */ = {
			isa = PBXShellScriptBuildPhase;
			buildActionMask = 8;
			files = (
			);
			inputPaths = (
			);
			outputPaths = (
			);
			runOnlyForDeploymentPostprocessing = 1;
			shellPath = /bin/sh;
			shellScript = "./Fabric.framework/run 1da4dc28a786c79cfbc633264f9f350e0dd66156 333c214f5b3f0fc6ffc3ee84efbbbfe031b569309c22f3c83a5623f81e8885cf";
		};
		BBAB3494DA6F4021ED68C9E6 /* Embed Pods Frameworks */ = {
			isa = PBXShellScriptBuildPhase;
			buildActionMask = 2147483647;
			files = (
			);
			inputPaths = (
			);
			name = "Embed Pods Frameworks";
			outputPaths = (
			);
			runOnlyForDeploymentPostprocessing = 0;
			shellPath = /bin/sh;
			shellScript = "\"${SRCROOT}/Pods/Target Support Files/Pods/Pods-frameworks.sh\"\n";
			showEnvVarsInLog = 0;
		};
		FE6B57407552426B584287E4 /* Copy Pods Resources */ = {
			isa = PBXShellScriptBuildPhase;
			buildActionMask = 2147483647;
			files = (
			);
			inputPaths = (
			);
			name = "Copy Pods Resources";
			outputPaths = (
			);
			runOnlyForDeploymentPostprocessing = 0;
			shellPath = /bin/sh;
			shellScript = "\"${SRCROOT}/Pods/Target Support Files/Pods/Pods-resources.sh\"\n";
			showEnvVarsInLog = 0;
		};
/* End PBXShellScriptBuildPhase section */

/* Begin PBXSourcesBuildPhase section */
		9BA23DFC1A8D21580037D161 /* Sources */ = {
			isa = PBXSourcesBuildPhase;
			buildActionMask = 2147483647;
			files = (
				16D5DF661AC0B927004B34C6 /* Meditation.swift in Sources */,
				16AE94CC1A8E9C9D00FBD6C8 /* SignupViewController.swift in Sources */,
				9B58247D1AB6541F0010A1E5 /* AssessmentViewController.swift in Sources */,
				162CDE661ADF2CBB0047086D /* DayOfWeekTransform.swift in Sources */,
				1628A8571AE8203A0008F0F4 /* UIViewExtension.swift in Sources */,
				9BA23E081A8D21580037D161 /* LoginViewController.swift in Sources */,
				162CDE621ADF1B120047086D /* TimeTransform.swift in Sources */,
				558B1C981AB866AA00DD18AC /* ExerciseSettingsViewController.swift in Sources */,
				9B7F244E1ADD804300D3B7D2 /* Question.swift in Sources */,
				16781F6D1AED6CAE0056FF30 /* Assessment.swift in Sources */,
				162CDE601ADF17210047086D /* DateTimeTransform.swift in Sources */,
				1607A0661AD497E600B90F45 /* StringExtension.swift in Sources */,
				559706E71AB62FAF00FD794A /* MeditationTimeViewController.swift in Sources */,
				16CE6C151ABB55D200CF1220 /* UserDefaultsManager.swift in Sources */,
				166FCE1F1AC09A9F00E1C932 /* ExerciseCell.swift in Sources */,
				1682D1F61ABCD41100D8ED02 /* UIViewControllerPopupExtension.swift in Sources */,
				164D3F2E1ABC813600253910 /* ExerciseManager.swift in Sources */,
				16385F551AE6AA1C0032CDE5 /* SettingsCell.swift in Sources */,
				16AFFDFF1A915043002C58D8 /* ServerRequest.swift in Sources */,
				16066E2F1AAA0F4B00729168 /* MeditationSession.swift in Sources */,
				16B916BB1AD47E2700669776 /* MeditationProgressView.swift in Sources */,
				9B80532A1ADD71C600F571EB /* TallSlider.swift in Sources */,
				162CDE5E1ADF141E0047086D /* DayTransform.swift in Sources */,
				168C6CE21AE48AF2006EE110 /* UIViewControllerLoaderExtension.swift in Sources */,
				167E6B9E1AF5677A0006D45A /* NotificationTime.swift in Sources */,
				1682D1F91ABCDF3D00D8ED02 /* MenuViewController.swift in Sources */,
				162CDE641ADF2CAD0047086D /* GenderTransform.swift in Sources */,
				16066E2B1AAA0F2900729168 /* ExerciseSession.swift in Sources */,
				16385F511AE6A9A00032CDE5 /* SettingsViewController.swift in Sources */,
				164D3F311ABC96A200253910 /* UIColorExtension.swift in Sources */,
				9B7F24501ADD805700D3B7D2 /* Response.swift in Sources */,
				552B7EC01ABCBC6F00E5A6C8 /* PebbleHelper.swift in Sources */,
				16D5DF641AC0B8D3004B34C6 /* Exercise.swift in Sources */,
				9B5824751AB653A80010A1E5 /* ExerciseViewController.swift in Sources */,
				1682D1EF1ABCA47900D8ED02 /* AudioPlayerView.swift in Sources */,
				1682D1FC1ABCE12200D8ED02 /* CAMediaTimingFunctionEasingsExtension.swift in Sources */,
				16AFFE031A9161E5002C58D8 /* User.swift in Sources */,
				16385F581AE6B9DF0032CDE5 /* UIViewControllerExtension.swift in Sources */,
				1628A8521AE6D6180008F0F4 /* NSDateExtension.swift in Sources */,
				9B33BFA01ADDC9A500A88098 /* DictionaryExtension.swift in Sources */,
				162AF2781AFA722F0099A81D /* AssessmentNavigationController.swift in Sources */,
				9B5824791AB654090010A1E5 /* MeditationViewController.swift in Sources */,
				9BA23E061A8D21580037D161 /* AppDelegate.swift in Sources */,
			);
			runOnlyForDeploymentPostprocessing = 0;
		};
/* End PBXSourcesBuildPhase section */

/* Begin PBXVariantGroup section */
		9BA23E0E1A8D21580037D161 /* LaunchScreen.xib */ = {
			isa = PBXVariantGroup;
			children = (
				9BA23E0F1A8D21580037D161 /* Base */,
			);
			name = LaunchScreen.xib;
			sourceTree = "<group>";
		};
/* End PBXVariantGroup section */

/* Begin XCBuildConfiguration section */
		9BA23E1D1A8D21580037D161 /* Debug */ = {
			isa = XCBuildConfiguration;
			buildSettings = {
				ALWAYS_SEARCH_USER_PATHS = NO;
				CLANG_CXX_LANGUAGE_STANDARD = "gnu++0x";
				CLANG_CXX_LIBRARY = "libc++";
				CLANG_ENABLE_MODULES = YES;
				CLANG_ENABLE_OBJC_ARC = YES;
				CLANG_WARN_BOOL_CONVERSION = YES;
				CLANG_WARN_CONSTANT_CONVERSION = YES;
				CLANG_WARN_DIRECT_OBJC_ISA_USAGE = YES_ERROR;
				CLANG_WARN_EMPTY_BODY = YES;
				CLANG_WARN_ENUM_CONVERSION = YES;
				CLANG_WARN_INT_CONVERSION = YES;
				CLANG_WARN_OBJC_ROOT_CLASS = YES_ERROR;
				CLANG_WARN_UNREACHABLE_CODE = YES;
				CLANG_WARN__DUPLICATE_METHOD_MATCH = YES;
				CODE_SIGN_IDENTITY = "iPhone Distribution: Mariya Shiyko (8EVUJ287TQ)";
				"CODE_SIGN_IDENTITY[sdk=iphoneos*]" = "iPhone Distribution: Mariya Shiyko (8EVUJ287TQ)";
				COPY_PHASE_STRIP = NO;
				ENABLE_STRICT_OBJC_MSGSEND = YES;
				ENABLE_TESTABILITY = YES;
				GCC_C_LANGUAGE_STANDARD = gnu99;
				GCC_DYNAMIC_NO_PIC = NO;
				GCC_OPTIMIZATION_LEVEL = 0;
				GCC_PREPROCESSOR_DEFINITIONS = (
					"DEBUG=1",
					"$(inherited)",
				);
				GCC_SYMBOLS_PRIVATE_EXTERN = NO;
				GCC_WARN_64_TO_32_BIT_CONVERSION = YES;
				GCC_WARN_ABOUT_RETURN_TYPE = YES_ERROR;
				GCC_WARN_UNDECLARED_SELECTOR = YES;
				GCC_WARN_UNINITIALIZED_AUTOS = YES_AGGRESSIVE;
				GCC_WARN_UNUSED_FUNCTION = YES;
				GCC_WARN_UNUSED_VARIABLE = YES;
				IPHONEOS_DEPLOYMENT_TARGET = 8.1;
				MTL_ENABLE_DEBUG_INFO = YES;
				ONLY_ACTIVE_ARCH = YES;
				PROVISIONING_PROFILE = "d1f823bc-120b-4907-bbd6-38ec86455476";
				SDKROOT = iphoneos;
				SWIFT_OPTIMIZATION_LEVEL = "-Onone";
			};
			name = Debug;
		};
		9BA23E1E1A8D21580037D161 /* Release */ = {
			isa = XCBuildConfiguration;
			buildSettings = {
				ALWAYS_SEARCH_USER_PATHS = NO;
				CLANG_CXX_LANGUAGE_STANDARD = "gnu++0x";
				CLANG_CXX_LIBRARY = "libc++";
				CLANG_ENABLE_MODULES = YES;
				CLANG_ENABLE_OBJC_ARC = YES;
				CLANG_WARN_BOOL_CONVERSION = YES;
				CLANG_WARN_CONSTANT_CONVERSION = YES;
				CLANG_WARN_DIRECT_OBJC_ISA_USAGE = YES_ERROR;
				CLANG_WARN_EMPTY_BODY = YES;
				CLANG_WARN_ENUM_CONVERSION = YES;
				CLANG_WARN_INT_CONVERSION = YES;
				CLANG_WARN_OBJC_ROOT_CLASS = YES_ERROR;
				CLANG_WARN_UNREACHABLE_CODE = YES;
				CLANG_WARN__DUPLICATE_METHOD_MATCH = YES;
				CODE_SIGN_IDENTITY = "iPhone Distribution: Mariya Shiyko (8EVUJ287TQ)";
				"CODE_SIGN_IDENTITY[sdk=iphoneos*]" = "iPhone Distribution: Mariya Shiyko (8EVUJ287TQ)";
				COPY_PHASE_STRIP = YES;
				ENABLE_NS_ASSERTIONS = NO;
				ENABLE_STRICT_OBJC_MSGSEND = YES;
				GCC_C_LANGUAGE_STANDARD = gnu99;
				GCC_WARN_64_TO_32_BIT_CONVERSION = YES;
				GCC_WARN_ABOUT_RETURN_TYPE = YES_ERROR;
				GCC_WARN_UNDECLARED_SELECTOR = YES;
				GCC_WARN_UNINITIALIZED_AUTOS = YES_AGGRESSIVE;
				GCC_WARN_UNUSED_FUNCTION = YES;
				GCC_WARN_UNUSED_VARIABLE = YES;
				IPHONEOS_DEPLOYMENT_TARGET = 8.1;
				MTL_ENABLE_DEBUG_INFO = NO;
				PROVISIONING_PROFILE = "d1f823bc-120b-4907-bbd6-38ec86455476";
				SDKROOT = iphoneos;
				VALIDATE_PRODUCT = YES;
			};
			name = Release;
		};
		9BA23E201A8D21580037D161 /* Debug */ = {
			isa = XCBuildConfiguration;
			baseConfigurationReference = BFB40FC6530933C51BC1738B /* Pods.debug.xcconfig */;
			buildSettings = {
				ASSETCATALOG_COMPILER_APPICON_NAME = AppIcon;
				CODE_SIGN_IDENTITY = "iPhone Developer";
				"CODE_SIGN_IDENTITY[sdk=iphoneos*]" = "iPhone Developer";
				ENABLE_BITCODE = NO;
				FRAMEWORK_SEARCH_PATHS = (
					"$(inherited)",
					"$(PROJECT_DIR)",
					"$(PROJECT_DIR)/Pods/build/Debug-iphoneos/Pods",
					"$(PROJECT_DIR)/build/Debug-iphoneos",
				);
				"FRAMEWORK_SEARCH_PATHS[arch=*]" = "$(inherited)";
				INFOPLIST_FILE = "Repressor Destressor/Info.plist";
				IPHONEOS_DEPLOYMENT_TARGET = 9.1;
				LD_RUNPATH_SEARCH_PATHS = "$(inherited) @executable_path/Frameworks";
				OTHER_SWIFT_FLAGS = "$(inherited) -D DEBUG \"-D\" \"COCOAPODS\"";
				PRODUCT_BUNDLE_IDENTIFIER = "edu.neu.$(PRODUCT_NAME:rfc1034identifier)";
				PRODUCT_NAME = "Just Be";
				PROVISIONING_PROFILE = "cd820910-4ab8-4df9-8cfb-c989c613eb3c";
				SWIFT_OBJC_BRIDGING_HEADER = "Repressor Destressor/RD-Bridging-Header.h";
			};
			name = Debug;
		};
		9BA23E211A8D21580037D161 /* Release */ = {
			isa = XCBuildConfiguration;
			baseConfigurationReference = 57306B6E5E7C383F3F588F6D /* Pods.release.xcconfig */;
			buildSettings = {
				ASSETCATALOG_COMPILER_APPICON_NAME = AppIcon;
				CODE_SIGN_IDENTITY = "iPhone Developer";
				"CODE_SIGN_IDENTITY[sdk=iphoneos*]" = "iPhone Developer";
				ENABLE_BITCODE = NO;
				FRAMEWORK_SEARCH_PATHS = (
					"$(inherited)",
					"$(PROJECT_DIR)",
					"$(PROJECT_DIR)/Pods/build/Debug-iphoneos/Pods",
					"$(PROJECT_DIR)/build/Debug-iphoneos",
				);
				INFOPLIST_FILE = "Repressor Destressor/Info.plist";
				IPHONEOS_DEPLOYMENT_TARGET = 9.1;
				LD_RUNPATH_SEARCH_PATHS = "$(inherited) @executable_path/Frameworks";
				PRODUCT_BUNDLE_IDENTIFIER = "edu.neu.$(PRODUCT_NAME:rfc1034identifier)";
				PRODUCT_NAME = "Just Be";
				PROVISIONING_PROFILE = "cd820910-4ab8-4df9-8cfb-c989c613eb3c";
				SWIFT_OBJC_BRIDGING_HEADER = "Repressor Destressor/RD-Bridging-Header.h";
			};
			name = Release;
		};
/* End XCBuildConfiguration section */

/* Begin XCConfigurationList section */
		9BA23DFB1A8D21580037D161 /* Build configuration list for PBXProject "Just Be" */ = {
			isa = XCConfigurationList;
			buildConfigurations = (
				9BA23E1D1A8D21580037D161 /* Debug */,
				9BA23E1E1A8D21580037D161 /* Release */,
			);
			defaultConfigurationIsVisible = 0;
			defaultConfigurationName = Release;
		};
		9BA23E1F1A8D21580037D161 /* Build configuration list for PBXNativeTarget "Just Be" */ = {
			isa = XCConfigurationList;
			buildConfigurations = (
				9BA23E201A8D21580037D161 /* Debug */,
				9BA23E211A8D21580037D161 /* Release */,
			);
			defaultConfigurationIsVisible = 0;
			defaultConfigurationName = Release;
		};
/* End XCConfigurationList section */
	};
	rootObject = 9BA23DF81A8D21580037D161 /* Project object */;
}
